
Microsoft Visual Studio Solution File, Format Version 12.00
# Visual Studio Version 16
VisualStudioVersion = 16.0.31702.278
MinimumVisualStudioVersion = 10.0.40219.1
Project("{FAE04EC0-301F-11D3-BF4B-00C04F79EFBC}") = "Juke-Box", "Juke-Box.csproj", "{ABBA389B-FF2A-4590-921A-56399DF19F7C}"
EndProject
Global
	GlobalSection(SolutionConfigurationPlatforms) = preSolution
		Debug|Any CPU = Debug|Any CPU
		Release|Any CPU = Release|Any CPU
	EndGlobalSection
	GlobalSection(ProjectConfigurationPlatforms) = postSolution
		{ABBA389B-FF2A-4590-921A-56399DF19F7C}.Debug|Any CPU.ActiveCfg = Debug|Any CPU
		{ABBA389B-FF2A-4590-921A-56399DF19F7C}.Debug|Any CPU.Build.0 = Debug|Any CPU
		{ABBA389B-FF2A-4590-921A-56399DF19F7C}.Release|Any CPU.ActiveCfg = Release|Any CPU
		{ABBA389B-FF2A-4590-921A-56399DF19F7C}.Release|Any CPU.Build.0 = Release|Any CPU
	EndGlobalSection
	GlobalSection(SolutionProperties) = preSolution
		HideSolutionNode = FALSE
	EndGlobalSection
	GlobalSection(ExtensibilityGlobals) = postSolution
		SolutionGuid = {C6755213-E567-4FD7-8552-674F19072DBA}
	EndGlobalSection
EndGlobal
